
Microsoft Visual Studio Solution File, Format Version 11.00
# Visual Studio 2010
Project("{FAE04EC0-301F-11D3-BF4B-00C04F79EFBC}") = "Assembly-CSharp", "Assembly-CSharp.csproj", "{9AF405CD-888E-C5CF-E596-E70101A0117D}"
EndProject
Project("{FAE04EC0-301F-11D3-BF4B-00C04F79EFBC}") = "Assembly-CSharp-Editor", "Assembly-CSharp-Editor.csproj", "{CBA2480A-47B0-8ACE-49ED-E8C7DB45DC1E}"
EndProject
Global
	GlobalSection(SolutionConfigurationPlatforms) = preSolution
		Debug|Any CPU = Debug|Any CPU
		Release|Any CPU = Release|Any CPU
	EndGlobalSection
	GlobalSection(ProjectConfigurationPlatforms) = postSolution
		{9AF405CD-888E-C5CF-E596-E70101A0117D}.Debug|Any CPU.ActiveCfg = Debug|Any CPU
		{9AF405CD-888E-C5CF-E596-E70101A0117D}.Debug|Any CPU.Build.0 = Debug|Any CPU
		{9AF405CD-888E-C5CF-E596-E70101A0117D}.Release|Any CPU.ActiveCfg = Release|Any CPU
		{9AF405CD-888E-C5CF-E596-E70101A0117D}.Release|Any CPU.Build.0 = Release|Any CPU
		{CBA2480A-47B0-8ACE-49ED-E8C7DB45DC1E}.Debug|Any CPU.ActiveCfg = Debug|Any CPU
		{CBA2480A-47B0-8ACE-49ED-E8C7DB45DC1E}.Debug|Any CPU.Build.0 = Debug|Any CPU
		{CBA2480A-47B0-8ACE-49ED-E8C7DB45DC1E}.Release|Any CPU.ActiveCfg = Release|Any CPU
		{CBA2480A-47B0-8ACE-49ED-E8C7DB45DC1E}.Release|Any CPU.Build.0 = Release|Any CPU
	EndGlobalSection
	GlobalSection(SolutionProperties) = preSolution
		HideSolutionNode = FALSE
	EndGlobalSection
EndGlobal
